
Microsoft Visual Studio Solution File, Format Version 12.00
# Visual Studio Version 17
VisualStudioVersion = 17.7.34009.444
MinimumVisualStudioVersion = 10.0.40219.1
Project("{FAE04EC0-301F-11D3-BF4B-00C04F79EFBC}") = "Presentacion", "Presentacion\Presentacion.csproj", "{7F293646-CC29-4446-B92F-6CA9D3987D75}"
EndProject
Project("{FAE04EC0-301F-11D3-BF4B-00C04F79EFBC}") = "Logica", "Logica\Logica.csproj", "{6464C9DF-B2B7-4485-AA7E-A8239E502B06}"
EndProject
Project("{FAE04EC0-301F-11D3-BF4B-00C04F79EFBC}") = "Datos", "Datos\Datos.csproj", "{2F029C3E-51C7-451C-B57A-0B84BAE92A9B}"
EndProject
Global
	GlobalSection(SolutionConfigurationPlatforms) = preSolution
		Debug|Any CPU = Debug|Any CPU
		Release|Any CPU = Release|Any CPU
	EndGlobalSection
	GlobalSection(ProjectConfigurationPlatforms) = postSolution
		{7F293646-CC29-4446-B92F-6CA9D3987D75}.Debug|Any CPU.ActiveCfg = Debug|Any CPU
		{7F293646-CC29-4446-B92F-6CA9D3987D75}.Debug|Any CPU.Build.0 = Debug|Any CPU
		{7F293646-CC29-4446-B92F-6CA9D3987D75}.Release|Any CPU.ActiveCfg = Release|Any CPU
		{7F293646-CC29-4446-B92F-6CA9D3987D75}.Release|Any CPU.Build.0 = Release|Any CPU
		{6464C9DF-B2B7-4485-AA7E-A8239E502B06}.Debug|Any CPU.ActiveCfg = Debug|Any CPU
		{6464C9DF-B2B7-4485-AA7E-A8239E502B06}.Debug|Any CPU.Build.0 = Debug|Any CPU
		{6464C9DF-B2B7-4485-AA7E-A8239E502B06}.Release|Any CPU.ActiveCfg = Release|Any CPU
		{6464C9DF-B2B7-4485-AA7E-A8239E502B06}.Release|Any CPU.Build.0 = Release|Any CPU
		{2F029C3E-51C7-451C-B57A-0B84BAE92A9B}.Debug|Any CPU.ActiveCfg = Debug|Any CPU
		{2F029C3E-51C7-451C-B57A-0B84BAE92A9B}.Debug|Any CPU.Build.0 = Debug|Any CPU
		{2F029C3E-51C7-451C-B57A-0B84BAE92A9B}.Release|Any CPU.ActiveCfg = Release|Any CPU
		{2F029C3E-51C7-451C-B57A-0B84BAE92A9B}.Release|Any CPU.Build.0 = Release|Any CPU
	EndGlobalSection
	GlobalSection(SolutionProperties) = preSolution
		HideSolutionNode = FALSE
	EndGlobalSection
	GlobalSection(ExtensibilityGlobals) = postSolution
		SolutionGuid = {478C5377-976E-48CD-BF23-58BC92FE27DF}
	EndGlobalSection
EndGlobal
